
Microsoft Visual Studio Solution File, Format Version 12.00
# Visual Studio Version 16
VisualStudioVersion = 16.0.29609.76
MinimumVisualStudioVersion = 10.0.40219.1
Project("{9A19103F-16F7-4668-BE54-9A1E7A4F7556}") = "Bricknode.Soap.Sdk", "Bricknode.Soap.Sdk\Bricknode.Soap.Sdk.csproj", "{992D3E00-DF88-4DA6-B96C-5739E8EA5814}"
EndProject
Project("{2150E333-8FDC-42A3-9474-1A3956D46DE8}") = "Solution Items", "Solution Items", "{F332955F-EC5F-4117-A723-14C46CC7FAB0}"
	ProjectSection(SolutionItems) = preProject
		.editorconfig = .editorconfig
	EndProjectSection
EndProject
Global
	GlobalSection(SolutionConfigurationPlatforms) = preSolution
		Debug|Any CPU = Debug|Any CPU
		Release|Any CPU = Release|Any CPU
	EndGlobalSection
	GlobalSection(ProjectConfigurationPlatforms) = postSolution
		{992D3E00-DF88-4DA6-B96C-5739E8EA5814}.Debug|Any CPU.ActiveCfg = Debug|Any CPU
		{992D3E00-DF88-4DA6-B96C-5739E8EA5814}.Debug|Any CPU.Build.0 = Debug|Any CPU
		{992D3E00-DF88-4DA6-B96C-5739E8EA5814}.Release|Any CPU.ActiveCfg = Release|Any CPU
		{992D3E00-DF88-4DA6-B96C-5739E8EA5814}.Release|Any CPU.Build.0 = Release|Any CPU
	EndGlobalSection
	GlobalSection(SolutionProperties) = preSolution
		HideSolutionNode = FALSE
	EndGlobalSection
	GlobalSection(ExtensibilityGlobals) = postSolution
		SolutionGuid = {BEE4F953-2444-491F-B572-E0072DDB0346}
	EndGlobalSection
EndGlobal
